<?xml version="1.0" encoding="utf-8"?>
<Project ToolsVersion="4.0" xmlns="http://schemas.microsoft.com/developer/msbuild/2003">
  <ItemGroup>
    <Filter Include="Source Files">
      <UniqueIdentifier>{4FC737F1-C7A5-4376-A066-2A32D752A2FF}</UniqueIdentifier>
      <Extensions>cpp;c;cc;cxx;def;odl;idl;hpj;bat;asm;asmx</Extensions>
    </Filter>
    <Filter Include="Header Files">
      <UniqueIdentifier>{93995380-89BD-4b04-88EB-625FBE52EBFB}</UniqueIdentifier>
      <Extensions>h;hh;hpp;hxx;hm;inl;inc;xsd</Extensions>
    </Filter>
    <Filter Include="Resource Files">
      <UniqueIdentifier>{67DA6AB6-F800-4c08-8B7A-83BB121AAD01}</UniqueIdentifier>
      <Extensions>rc;ico;cur;bmp;dlg;rc2;rct;bin;rgs;gif;jpg;jpeg;jpe;resx;tiff;tif;png;wav</Extensions>
    </Filter>
  </ItemGroup>
  <ItemGroup>
    <ClCompile Include="main.cpp">
      <Filter>Source Files</Filter>
    </ClCompile>
    <ClCompile Include="physics\math\Vector.cpp">
      <Filter>Source Files</Filter>
    </ClCompile>
    <ClCompile Include="test\vector_optest.cpp">
      <Filter>Source Files</Filter>
    </ClCompile>
    <ClCompile Include="test\gravity_test.cpp">
      <Filter>Source Files</Filter>
    </ClCompile>
    <ClCompile Include="test\pendulum.cpp">
      <Filter>Source Files</Filter>
    </ClCompile>
  </ItemGroup>
  <ItemGroup>
    <ClInclude Include="physics\core\Clock.h">
      <Filter>Header Files</Filter>
    </ClInclude>
    <ClInclude Include="physics\core\Constants.h">
      <Filter>Header Files</Filter>
    </ClInclude>
    <ClInclude Include="physics\core\Engine.h">
      <Filter>Header Files</Filter>
    </ClInclude>
    <ClInclude Include="physics\core\points\Emitter.h">
      <Filter>Header Files</Filter>
    </ClInclude>
    <ClInclude Include="physics\core\points\Point.h">
      <Filter>Header Files</Filter>
    </ClInclude>
    <ClInclude Include="physics\math\Integration.h">
      <Filter>Header Files</Filter>
    </ClInclude>
    <ClInclude Include="physics\math\Vector.h">
      <Filter>Header Files</Filter>
    </ClInclude>
    <ClInclude Include="physics\core\World.h">
      <Filter>Header Files</Filter>
    </ClInclude>
    <ClInclude Include="physics\core\Object.h">
      <Filter>Header Files</Filter>
    </ClInclude>
    <ClInclude Include="physics\core\points\RadialEmitter.h">
      <Filter>Header Files</Filter>
    </ClInclude>
    <ClInclude Include="physics\render\RenderObjects.h">
      <Filter>Header Files</Filter>
    </ClInclude>
    <ClInclude Include="physics\core\links\Spring.h">
      <Filter>Header Files</Filter>
    </ClInclude>
    <ClInclude Include="physics\core\links\JointConstraint.h">
      <Filter>Header Files</Filter>
    </ClInclude>
    <ClInclude Include="physics\core\Constraint.h">
      <Filter>Header Files</Filter>
    </ClInclude>
    <ClInclude Include="physics\math\Matrix.h">
      <Filter>Header Files</Filter>
    </ClInclude>
    <ClInclude Include="physics\math\MatrixOperations.h">
      <Filter>Header Files</Filter>
    </ClInclude>
    <ClInclude Include="physics\core\links\DistanceJoint.h">
      <Filter>Header Files</Filter>
    </ClInclude>
    <ClInclude Include="physics\core\links\HingeJoint.h">
      <Filter>Header Files</Filter>
    </ClInclude>
    <ClInclude Include="physics\core\geometry\Triangle.h">
      <Filter>Header Files</Filter>
    </ClInclude>
    <ClInclude Include="physics\core\geometry\Quad.h">
      <Filter>Header Files</Filter>
    </ClInclude>
    <ClInclude Include="physics\core\geometry\Circle.h">
      <Filter>Header Files</Filter>
    </ClInclude>
    <ClInclude Include="physics\core\geometry\Line.h">
      <Filter>Header Files</Filter>
    </ClInclude>
    <ClInclude Include="physics\render\opengl_helper\Scaler.h">
      <Filter>Header Files</Filter>
    </ClInclude>
    <ClInclude Include="physics\core\geometry\Shape.h">
      <Filter>Header Files</Filter>
    </ClInclude>
    <ClInclude Include="physics\render\opengl_helper\VertexManager.h">
      <Filter>Header Files</Filter>
    </ClInclude>
    <ClInclude Include="physics\render\opengl_helper\IndexBufferManager.h">
      <Filter>Header Files</Filter>
    </ClInclude>
    <ClInclude Include="physics\core\factories\PointFactory.h">
      <Filter>Header Files</Filter>
    </ClInclude>
    <ClInclude Include="physics\render\opengl_helper\RenderManager.h">
      <Filter>Header Files</Filter>
    </ClInclude>
    <ClInclude Include="physics\core\links\RigidJoint.h">
      <Filter>Header Files</Filter>
    </ClInclude>
    <ClInclude Include="physics\core\collision\Collider.h">
      <Filter>Header Files</Filter>
    </ClInclude>
    <ClInclude Include="physics\core\collision\GJK.h">
      <Filter>Header Files</Filter>
    </ClInclude>
  </ItemGroup>
  <ItemGroup>
    <None Include="sfml-audio-2.dll" />
    <None Include="openal32.dll" />
    <None Include="sfml-window-d-2.dll" />
    <None Include="sfml-audio-d-2.dll" />
    <None Include="sfml-graphics-2.dll" />
    <None Include="sfml-graphics-d-2.dll" />
    <None Include="sfml-network-2.dll" />
    <None Include="sfml-network-d-2.dll" />
    <None Include="sfml-system-2.dll" />
    <None Include="sfml-system-d-2.dll" />
    <None Include="sfml-window-2.dll" />
  </ItemGroup>
  <ItemGroup>
    <Text Include="physics\render\shaders\Vertex.txt" />
    <Text Include="physics\render\shaders\Fragment.txt" />
  </ItemGroup>
</Project>