
Microsoft Visual Studio Solution File, Format Version 12.00
# Visual Studio 15
VisualStudioVersion = 15.0.28307.1831
MinimumVisualStudioVersion = 10.0.40219.1
Project("{8BC9CEB8-8B4A-11D0-8D11-00A0C91BC942}") = "Physics Engine", "Physics Engine.vcxproj", "{4952E329-CC40-4DD6-B38A-8121E09D7D04}"
EndProject
Global
	GlobalSection(SolutionConfigurationPlatforms) = preSolution
		Debug|x64 = Debug|x64
		Debug|x86 = Debug|x86
		Release|x64 = Release|x64
		Release|x86 = Release|x86
	EndGlobalSection
	GlobalSection(ProjectConfigurationPlatforms) = postSolution
		{4952E329-CC40-4DD6-B38A-8121E09D7D04}.Debug|x64.ActiveCfg = Debug|x64
		{4952E329-CC40-4DD6-B38A-8121E09D7D04}.Debug|x64.Build.0 = Debug|x64
		{4952E329-CC40-4DD6-B38A-8121E09D7D04}.Debug|x86.ActiveCfg = Release|x64
		{4952E329-CC40-4DD6-B38A-8121E09D7D04}.Debug|x86.Build.0 = Release|x64
		{4952E329-CC40-4DD6-B38A-8121E09D7D04}.Release|x64.ActiveCfg = Release|x64
		{4952E329-CC40-4DD6-B38A-8121E09D7D04}.Release|x64.Build.0 = Release|x64
		{4952E329-CC40-4DD6-B38A-8121E09D7D04}.Release|x86.ActiveCfg = Release|Win32
		{4952E329-CC40-4DD6-B38A-8121E09D7D04}.Release|x86.Build.0 = Release|Win32
	EndGlobalSection
	GlobalSection(SolutionProperties) = preSolution
		HideSolutionNode = FALSE
	EndGlobalSection
	GlobalSection(ExtensibilityGlobals) = postSolution
		SolutionGuid = {149A1F9C-5201-45D8-BC52-ED521C24A23B}
	EndGlobalSection
EndGlobal
